
Microsoft Visual Studio Solution File, Format Version 12.00
# Visual Studio Version 16
VisualStudioVersion = 16.0.31205.134
MinimumVisualStudioVersion = 10.0.40219.1
Project("{9A19103F-16F7-4668-BE54-9A1E7A4F7556}") = "AddressSearch.Web", "AddressSearch.Web\AddressSearch.Web.csproj", "{D8FCCDC0-874F-4BBA-B53B-0FDA86063B2C}"
EndProject
Project("{9A19103F-16F7-4668-BE54-9A1E7A4F7556}") = "GeonorgeAddressSearch", "GeonorgeAddressSearch\GeonorgeAddressSearch.csproj", "{BE142A3C-48F8-47A8-A7D8-C0E70CFCFBA6}"
EndProject
Project("{2150E333-8FDC-42A3-9474-1A3956D46DE8}") = "Documentation", "Documentation", "{AC3F4B3E-B5B4-416F-9EEE-780CDBBA6B9C}"
	ProjectSection(SolutionItems) = preProject
		README.md = README.md
	EndProjectSection
EndProject
Project("{FAE04EC0-301F-11D3-BF4B-00C04F79EFBC}") = "AddressSearch.Cmd", "AddressSearch.Cmd\AddressSearch.Cmd.csproj", "{C6F4E1C4-FC0B-43E0-87A3-6DFC5027A750}"
EndProject
Global
	GlobalSection(SolutionConfigurationPlatforms) = preSolution
		Debug|Any CPU = Debug|Any CPU
		Release|Any CPU = Release|Any CPU
	EndGlobalSection
	GlobalSection(ProjectConfigurationPlatforms) = postSolution
		{D8FCCDC0-874F-4BBA-B53B-0FDA86063B2C}.Debug|Any CPU.ActiveCfg = Debug|Any CPU
		{D8FCCDC0-874F-4BBA-B53B-0FDA86063B2C}.Debug|Any CPU.Build.0 = Debug|Any CPU
		{D8FCCDC0-874F-4BBA-B53B-0FDA86063B2C}.Release|Any CPU.ActiveCfg = Release|Any CPU
		{D8FCCDC0-874F-4BBA-B53B-0FDA86063B2C}.Release|Any CPU.Build.0 = Release|Any CPU
		{BE142A3C-48F8-47A8-A7D8-C0E70CFCFBA6}.Debug|Any CPU.ActiveCfg = Debug|Any CPU
		{BE142A3C-48F8-47A8-A7D8-C0E70CFCFBA6}.Debug|Any CPU.Build.0 = Debug|Any CPU
		{BE142A3C-48F8-47A8-A7D8-C0E70CFCFBA6}.Release|Any CPU.ActiveCfg = Release|Any CPU
		{BE142A3C-48F8-47A8-A7D8-C0E70CFCFBA6}.Release|Any CPU.Build.0 = Release|Any CPU
		{C6F4E1C4-FC0B-43E0-87A3-6DFC5027A750}.Debug|Any CPU.ActiveCfg = Debug|Any CPU
		{C6F4E1C4-FC0B-43E0-87A3-6DFC5027A750}.Debug|Any CPU.Build.0 = Debug|Any CPU
		{C6F4E1C4-FC0B-43E0-87A3-6DFC5027A750}.Release|Any CPU.ActiveCfg = Release|Any CPU
		{C6F4E1C4-FC0B-43E0-87A3-6DFC5027A750}.Release|Any CPU.Build.0 = Release|Any CPU
	EndGlobalSection
	GlobalSection(SolutionProperties) = preSolution
		HideSolutionNode = FALSE
	EndGlobalSection
	GlobalSection(ExtensibilityGlobals) = postSolution
		SolutionGuid = {EE7C8E90-8C96-4C82-9A21-247E9B5570EC}
	EndGlobalSection
EndGlobal
